// !$*UTF8*$!
{
	archiveVersion = 1;
	classes = {
	};
	objectVersion = 46;
	objects = {

/* Begin PBXBuildFile section */
		689E1DB51BF4EAE7009D5D02 /* AppDelegate.swift in Sources */ = {isa = PBXBuildFile; fileRef = 689E1DB41BF4EAE7009D5D02 /* AppDelegate.swift */; };
		689E1DB71BF4EAE7009D5D02 /* ViewController.swift in Sources */ = {isa = PBXBuildFile; fileRef = 689E1DB61BF4EAE7009D5D02 /* ViewController.swift */; };
		689E1DBA1BF4EAE7009D5D02 /* Main.storyboard in Resources */ = {isa = PBXBuildFile; fileRef = 689E1DB81BF4EAE7009D5D02 /* Main.storyboard */; };
		689E1DBC1BF4EAE7009D5D02 /* Assets.xcassets in Resources */ = {isa = PBXBuildFile; fileRef = 689E1DBB1BF4EAE7009D5D02 /* Assets.xcassets */; };
		689E1DBF1BF4EAE7009D5D02 /* LaunchScreen.storyboard in Resources */ = {isa = PBXBuildFile; fileRef = 689E1DBD1BF4EAE7009D5D02 /* LaunchScreen.storyboard */; };
		689E1DC71BF4EB35009D5D02 /* CAPSPageMenu.swift in Sources */ = {isa = PBXBuildFile; fileRef = 689E1DC61BF4EB35009D5D02 /* CAPSPageMenu.swift */; };
		68A515BC1C07413E00C10D86 /* Alamofire.framework in Frameworks */ = {isa = PBXBuildFile; fileRef = 68A515BA1C07413E00C10D86 /* Alamofire.framework */; };
		68CFB6771C34D52B00E8B742 /* TableViewController.swift in Sources */ = {isa = PBXBuildFile; fileRef = 68CFB6751C34D52B00E8B742 /* TableViewController.swift */; };
		68CFB6781C34D52B00E8B742 /* TableViewController.xib in Resources */ = {isa = PBXBuildFile; fileRef = 68CFB6761C34D52B00E8B742 /* TableViewController.xib */; };
		68CFB67B1C34D98C00E8B742 /* FeedTableViewCell.swift in Sources */ = {isa = PBXBuildFile; fileRef = 68CFB6791C34D98C00E8B742 /* FeedTableViewCell.swift */; };
		68CFB67C1C34D98C00E8B742 /* FeedTableViewCell.xib in Resources */ = {isa = PBXBuildFile; fileRef = 68CFB67A1C34D98C00E8B742 /* FeedTableViewCell.xib */; };
		68CFB67E1C34DD4200E8B742 /* Article.swift in Sources */ = {isa = PBXBuildFile; fileRef = 68CFB67D1C34DD4200E8B742 /* Article.swift */; };
		68CFB6841C351D8900E8B742 /* AlamofireObjectMapper.framework in Embed Frameworks */ = {isa = PBXBuildFile; fileRef = 68CFB6821C351D8900E8B742 /* AlamofireObjectMapper.framework */; settings = {ATTRIBUTES = (CodeSignOnCopy, RemoveHeadersOnCopy, ); }; };
		68CFB6871C351F5600E8B742 /* FeedResponse.swift in Sources */ = {isa = PBXBuildFile; fileRef = 68CFB6861C351F5600E8B742 /* FeedResponse.swift */; };
		68CFB6891C35206700E8B742 /* ObjectMapper.framework in Frameworks */ = {isa = PBXBuildFile; fileRef = 68CFB6881C35206700E8B742 /* ObjectMapper.framework */; };
		68CFB68B1C3523DA00E8B742 /* ResponseData.swift in Sources */ = {isa = PBXBuildFile; fileRef = 68CFB68A1C3523DA00E8B742 /* ResponseData.swift */; };
		68CFB68D1C35247800E8B742 /* Feed.swift in Sources */ = {isa = PBXBuildFile; fileRef = 68CFB68C1C35247800E8B742 /* Feed.swift */; };
		68CFB68F1C3524A500E8B742 /* Entry.swift in Sources */ = {isa = PBXBuildFile; fileRef = 68CFB68E1C3524A500E8B742 /* Entry.swift */; };
		68CFB69C1C354AAD00E8B742 /* Realm.framework in Embed Frameworks */ = {isa = PBXBuildFile; fileRef = 68CFB69A1C354AAD00E8B742 /* Realm.framework */; settings = {ATTRIBUTES = (CodeSignOnCopy, RemoveHeadersOnCopy, ); }; };
		68CFB69D1C354AAD00E8B742 /* RealmSwift.framework in Embed Frameworks */ = {isa = PBXBuildFile; fileRef = 68CFB69B1C354AAD00E8B742 /* RealmSwift.framework */; settings = {ATTRIBUTES = (CodeSignOnCopy, RemoveHeadersOnCopy, ); }; };
/* End PBXBuildFile section */

/* Begin PBXCopyFilesBuildPhase section */
		68CFB6851C351D8A00E8B742 /* Embed Frameworks */ = {
			isa = PBXCopyFilesBuildPhase;
			buildActionMask = 2147483647;
			dstPath = "";
			dstSubfolderSpec = 10;
			files = (
				68CFB6841C351D8900E8B742 /* AlamofireObjectMapper.framework in Embed Frameworks */,
				68CFB69C1C354AAD00E8B742 /* Realm.framework in Embed Frameworks */,
				68CFB69D1C354AAD00E8B742 /* RealmSwift.framework in Embed Frameworks */,
			);
			name = "Embed Frameworks";
			runOnlyForDeploymentPostprocessing = 0;
		};
/* End PBXCopyFilesBuildPhase section */

/* Begin PBXFileReference section */
		689E1DB11BF4EAE7009D5D02 /* NewsApp.app */ = {isa = PBXFileReference; explicitFileType = wrapper.application; includeInIndex = 0; path = NewsApp.app; sourceTree = BUILT_PRODUCTS_DIR; };
		689E1DB41BF4EAE7009D5D02 /* AppDelegate.swift */ = {isa = PBXFileReference; lastKnownFileType = sourcecode.swift; path = AppDelegate.swift; sourceTree = "<group>"; };
		689E1DB61BF4EAE7009D5D02 /* ViewController.swift */ = {isa = PBXFileReference; lastKnownFileType = sourcecode.swift; path = ViewController.swift; sourceTree = "<group>"; };
		689E1DB91BF4EAE7009D5D02 /* Base */ = {isa = PBXFileReference; lastKnownFileType = file.storyboard; name = Base; path = Base.lproj/Main.storyboard; sourceTree = "<group>"; };
		689E1DBB1BF4EAE7009D5D02 /* Assets.xcassets */ = {isa = PBXFileReference; lastKnownFileType = folder.assetcatalog; path = Assets.xcassets; sourceTree = "<group>"; };
		689E1DBE1BF4EAE7009D5D02 /* Base */ = {isa = PBXFileReference; lastKnownFileType = file.storyboard; name = Base; path = Base.lproj/LaunchScreen.storyboard; sourceTree = "<group>"; };
		689E1DC01BF4EAE7009D5D02 /* Info.plist */ = {isa = PBXFileReference; lastKnownFileType = text.plist.xml; path = Info.plist; sourceTree = "<group>"; };
		689E1DC61BF4EB35009D5D02 /* CAPSPageMenu.swift */ = {isa = PBXFileReference; fileEncoding = 4; lastKnownFileType = sourcecode.swift; path = CAPSPageMenu.swift; sourceTree = "<group>"; };
		68A515BA1C07413E00C10D86 /* Alamofire.framework */ = {isa = PBXFileReference; lastKnownFileType = wrapper.framework; name = Alamofire.framework; path = Carthage/Build/iOS/Alamofire.framework; sourceTree = "<group>"; };
		68CFB6751C34D52B00E8B742 /* TableViewController.swift */ = {isa = PBXFileReference; fileEncoding = 4; lastKnownFileType = sourcecode.swift; path = TableViewController.swift; sourceTree = "<group>"; };
		68CFB6761C34D52B00E8B742 /* TableViewController.xib */ = {isa = PBXFileReference; fileEncoding = 4; lastKnownFileType = file.xib; path = TableViewController.xib; sourceTree = "<group>"; };
		68CFB6791C34D98C00E8B742 /* FeedTableViewCell.swift */ = {isa = PBXFileReference; fileEncoding = 4; lastKnownFileType = sourcecode.swift; path = FeedTableViewCell.swift; sourceTree = "<group>"; };
		68CFB67A1C34D98C00E8B742 /* FeedTableViewCell.xib */ = {isa = PBXFileReference; fileEncoding = 4; lastKnownFileType = file.xib; path = FeedTableViewCell.xib; sourceTree = "<group>"; };
		68CFB67D1C34DD4200E8B742 /* Article.swift */ = {isa = PBXFileReference; fileEncoding = 4; lastKnownFileType = sourcecode.swift; path = Article.swift; sourceTree = "<group>"; };
		68CFB6821C351D8900E8B742 /* AlamofireObjectMapper.framework */ = {isa = PBXFileReference; lastKnownFileType = wrapper.framework; name = AlamofireObjectMapper.framework; path = Carthage/Build/iOS/AlamofireObjectMapper.framework; sourceTree = "<group>"; };
		68CFB6861C351F5600E8B742 /* FeedResponse.swift */ = {isa = PBXFileReference; fileEncoding = 4; lastKnownFileType = sourcecode.swift; path = FeedResponse.swift; sourceTree = "<group>"; };
		68CFB6881C35206700E8B742 /* ObjectMapper.framework */ = {isa = PBXFileReference; lastKnownFileType = wrapper.framework; name = ObjectMapper.framework; path = Carthage/Build/iOS/ObjectMapper.framework; sourceTree = "<group>"; };
		68CFB68A1C3523DA00E8B742 /* ResponseData.swift */ = {isa = PBXFileReference; fileEncoding = 4; lastKnownFileType = sourcecode.swift; path = ResponseData.swift; sourceTree = "<group>"; };
		68CFB68C1C35247800E8B742 /* Feed.swift */ = {isa = PBXFileReference; fileEncoding = 4; lastKnownFileType = sourcecode.swift; path = Feed.swift; sourceTree = "<group>"; };
		68CFB68E1C3524A500E8B742 /* Entry.swift */ = {isa = PBXFileReference; fileEncoding = 4; lastKnownFileType = sourcecode.swift; path = Entry.swift; sourceTree = "<group>"; };
		68CFB69A1C354AAD00E8B742 /* Realm.framework */ = {isa = PBXFileReference; lastKnownFileType = wrapper.framework; name = Realm.framework; path = Carthage/Build/iOS/Realm.framework; sourceTree = "<group>"; };
		68CFB69B1C354AAD00E8B742 /* RealmSwift.framework */ = {isa = PBXFileReference; lastKnownFileType = wrapper.framework; name = RealmSwift.framework; path = Carthage/Build/iOS/RealmSwift.framework; sourceTree = "<group>"; };
/* End PBXFileReference section */

/* Begin PBXFrameworksBuildPhase section */
		689E1DAE1BF4EAE7009D5D02 /* Frameworks */ = {
			isa = PBXFrameworksBuildPhase;
			buildActionMask = 2147483647;
			files = (
				68A515BC1C07413E00C10D86 /* Alamofire.framework in Frameworks */,
				68CFB6891C35206700E8B742 /* ObjectMapper.framework in Frameworks */,
			);
			runOnlyForDeploymentPostprocessing = 0;
		};
/* End PBXFrameworksBuildPhase section */

/* Begin PBXGroup section */
		689E1DA81BF4EAE7009D5D02 = {
			isa = PBXGroup;
			children = (
				68CFB69A1C354AAD00E8B742 /* Realm.framework */,
				68CFB69B1C354AAD00E8B742 /* RealmSwift.framework */,
				68CFB6881C35206700E8B742 /* ObjectMapper.framework */,
				68CFB6821C351D8900E8B742 /* AlamofireObjectMapper.framework */,
				68A515BA1C07413E00C10D86 /* Alamofire.framework */,
				689E1DB31BF4EAE7009D5D02 /* NewsApp */,
				689E1DB21BF4EAE7009D5D02 /* Products */,
			);
			sourceTree = "<group>";
		};
		689E1DB21BF4EAE7009D5D02 /* Products */ = {
			isa = PBXGroup;
			children = (
				689E1DB11BF4EAE7009D5D02 /* NewsApp.app */,
			);
			name = Products;
			sourceTree = "<group>";
		};
		689E1DB31BF4EAE7009D5D02 /* NewsApp */ = {
			isa = PBXGroup;
			children = (
				689E1DB41BF4EAE7009D5D02 /* AppDelegate.swift */,
				689E1DB61BF4EAE7009D5D02 /* ViewController.swift */,
				689E1DC61BF4EB35009D5D02 /* CAPSPageMenu.swift */,
				689E1DB81BF4EAE7009D5D02 /* Main.storyboard */,
				689E1DBB1BF4EAE7009D5D02 /* Assets.xcassets */,
				689E1DBD1BF4EAE7009D5D02 /* LaunchScreen.storyboard */,
				689E1DC01BF4EAE7009D5D02 /* Info.plist */,
				68CFB67D1C34DD4200E8B742 /* Article.swift */,
				68CFB6751C34D52B00E8B742 /* TableViewController.swift */,
				68CFB6761C34D52B00E8B742 /* TableViewController.xib */,
				68CFB6791C34D98C00E8B742 /* FeedTableViewCell.swift */,
				68CFB67A1C34D98C00E8B742 /* FeedTableViewCell.xib */,
				68CFB6861C351F5600E8B742 /* FeedResponse.swift */,
				68CFB68A1C3523DA00E8B742 /* ResponseData.swift */,
				68CFB68C1C35247800E8B742 /* Feed.swift */,
				68CFB68E1C3524A500E8B742 /* Entry.swift */,
			);
			path = NewsApp;
			sourceTree = "<group>";
		};
/* End PBXGroup section */

/* Begin PBXNativeTarget section */
		689E1DB01BF4EAE7009D5D02 /* NewsApp */ = {
			isa = PBXNativeTarget;
			buildConfigurationList = 689E1DC31BF4EAE7009D5D02 /* Build configuration list for PBXNativeTarget "NewsApp" */;
			buildPhases = (
				689E1DAD1BF4EAE7009D5D02 /* Sources */,
				689E1DAE1BF4EAE7009D5D02 /* Frameworks */,
				689E1DAF1BF4EAE7009D5D02 /* Resources */,
				68A515BE1C07491600C10D86 /* ShellScript */,
				68CFB6851C351D8A00E8B742 /* Embed Frameworks */,
			);
			buildRules = (
			);
			dependencies = (
			);
			name = NewsApp;
			productName = NewsApp;
			productReference = 689E1DB11BF4EAE7009D5D02 /* NewsApp.app */;
			productType = "com.apple.product-type.application";
		};
/* End PBXNativeTarget section */

/* Begin PBXProject section */
		689E1DA91BF4EAE7009D5D02 /* Project object */ = {
			isa = PBXProject;
			attributes = {
				LastSwiftUpdateCheck = 0710;
				LastUpgradeCheck = 0710;
				ORGANIZATIONNAME = edu.self;
				TargetAttributes = {
					689E1DB01BF4EAE7009D5D02 = {
						CreatedOnToolsVersion = 7.1;
					};
				};
			};
			buildConfigurationList = 689E1DAC1BF4EAE7009D5D02 /* Build configuration list for PBXProject "NewsApp" */;
			compatibilityVersion = "Xcode 3.2";
			developmentRegion = English;
			hasScannedForEncodings = 0;
			knownRegions = (
				en,
				Base,
			);
			mainGroup = 689E1DA81BF4EAE7009D5D02;
			productRefGroup = 689E1DB21BF4EAE7009D5D02 /* Products */;
			projectDirPath = "";
			projectRoot = "";
			targets = (
				689E1DB01BF4EAE7009D5D02 /* NewsApp */,
			);
		};
/* End PBXProject section */

/* Begin PBXResourcesBuildPhase section */
		689E1DAF1BF4EAE7009D5D02 /* Resources */ = {
			isa = PBXResourcesBuildPhase;
			buildActionMask = 2147483647;
			files = (
				689E1DBF1BF4EAE7009D5D02 /* LaunchScreen.storyboard in Resources */,
				68CFB67C1C34D98C00E8B742 /* FeedTableViewCell.xib in Resources */,
				689E1DBC1BF4EAE7009D5D02 /* Assets.xcassets in Resources */,
				689E1DBA1BF4EAE7009D5D02 /* Main.storyboard in Resources */,
				68CFB6781C34D52B00E8B742 /* TableViewController.xib in Resources */,
			);
			runOnlyForDeploymentPostprocessing = 0;
		};
/* End PBXResourcesBuildPhase section */

/* Begin PBXShellScriptBuildPhase section */
		68A515BE1C07491600C10D86 /* ShellScript */ = {
			isa = PBXShellScriptBuildPhase;
			buildActionMask = 2147483647;
			files = (
			);
			inputPaths = (
				"$(SRCROOT)/Carthage/Build/iOS/AlamoFire.framework",
				"$(SRCROOT)/Carthage/Build/iOS/AlamofireObjectMapper.framework",
				"$(SRCROOT)/Carthage/Build/iOS/ObjectMapper.framework",
				"$(SRCROOT)/Carthage/Build/iOS/Realm.framework",
				"$(SRCROOT)/Carthage/Build/iOS/RealmSwift.framework",
			);
			outputPaths = (
			);
			runOnlyForDeploymentPostprocessing = 0;
			shellPath = /bin/sh;
			shellScript = "/usr/local/bin/carthage copy-frameworks\n";
		};
/* End PBXShellScriptBuildPhase section */

/* Begin PBXSourcesBuildPhase section */
		689E1DAD1BF4EAE7009D5D02 /* Sources */ = {
			isa = PBXSourcesBuildPhase;
			buildActionMask = 2147483647;
			files = (
				68CFB68F1C3524A500E8B742 /* Entry.swift in Sources */,
				689E1DB71BF4EAE7009D5D02 /* ViewController.swift in Sources */,
				68CFB68D1C35247800E8B742 /* Feed.swift in Sources */,
				68CFB6871C351F5600E8B742 /* FeedResponse.swift in Sources */,
				689E1DB51BF4EAE7009D5D02 /* AppDelegate.swift in Sources */,
				68CFB67E1C34DD4200E8B742 /* Article.swift in Sources */,
				689E1DC71BF4EB35009D5D02 /* CAPSPageMenu.swift in Sources */,
				68CFB6771C34D52B00E8B742 /* TableViewController.swift in Sources */,
				68CFB68B1C3523DA00E8B742 /* ResponseData.swift in Sources */,
				68CFB67B1C34D98C00E8B742 /* FeedTableViewCell.swift in Sources */,
			);
			runOnlyForDeploymentPostprocessing = 0;
		};
/* End PBXSourcesBuildPhase section */

/* Begin PBXVariantGroup section */
		689E1DB81BF4EAE7009D5D02 /* Main.storyboard */ = {
			isa = PBXVariantGroup;
			children = (
				689E1DB91BF4EAE7009D5D02 /* Base */,
			);
			name = Main.storyboard;
			sourceTree = "<group>";
		};
		689E1DBD1BF4EAE7009D5D02 /* LaunchScreen.storyboard */ = {
			isa = PBXVariantGroup;
			children = (
				689E1DBE1BF4EAE7009D5D02 /* Base */,
			);
			name = LaunchScreen.storyboard;
			sourceTree = "<group>";
		};
/* End PBXVariantGroup section */

/* Begin XCBuildConfiguration section */
		689E1DC11BF4EAE7009D5D02 /* Debug */ = {
			isa = XCBuildConfiguration;
			buildSettings = {
				ALWAYS_SEARCH_USER_PATHS = NO;
				CLANG_CXX_LANGUAGE_STANDARD = "gnu++0x";
				CLANG_CXX_LIBRARY = "libc++";
				CLANG_ENABLE_MODULES = YES;
				CLANG_ENABLE_OBJC_ARC = YES;
				CLANG_WARN_BOOL_CONVERSION = YES;
				CLANG_WARN_CONSTANT_CONVERSION = YES;
				CLANG_WARN_DIRECT_OBJC_ISA_USAGE = YES_ERROR;
				CLANG_WARN_EMPTY_BODY = YES;
				CLANG_WARN_ENUM_CONVERSION = YES;
				CLANG_WARN_INT_CONVERSION = YES;
				CLANG_WARN_OBJC_ROOT_CLASS = YES_ERROR;
				CLANG_WARN_UNREACHABLE_CODE = YES;
				CLANG_WARN__DUPLICATE_METHOD_MATCH = YES;
				CODE_SIGN_IDENTITY = "iPhone Developer";
				"CODE_SIGN_IDENTITY[sdk=iphoneos*]" = "iPhone Developer";
				COPY_PHASE_STRIP = NO;
				DEBUG_INFORMATION_FORMAT = dwarf;
				ENABLE_STRICT_OBJC_MSGSEND = YES;
				ENABLE_TESTABILITY = YES;
				GCC_C_LANGUAGE_STANDARD = gnu99;
				GCC_DYNAMIC_NO_PIC = NO;
				GCC_NO_COMMON_BLOCKS = YES;
				GCC_OPTIMIZATION_LEVEL = 0;
				GCC_PREPROCESSOR_DEFINITIONS = (
					"DEBUG=1",
					"$(inherited)",
				);
				GCC_WARN_64_TO_32_BIT_CONVERSION = YES;
				GCC_WARN_ABOUT_RETURN_TYPE = YES_ERROR;
				GCC_WARN_UNDECLARED_SELECTOR = YES;
				GCC_WARN_UNINITIALIZED_AUTOS = YES_AGGRESSIVE;
				GCC_WARN_UNUSED_FUNCTION = YES;
				GCC_WARN_UNUSED_VARIABLE = YES;
				IPHONEOS_DEPLOYMENT_TARGET = 9.1;
				MTL_ENABLE_DEBUG_INFO = YES;
				ONLY_ACTIVE_ARCH = YES;
				SDKROOT = iphoneos;
				SWIFT_OPTIMIZATION_LEVEL = "-Onone";
			};
			name = Debug;
		};
		689E1DC21BF4EAE7009D5D02 /* Release */ = {
			isa = XCBuildConfiguration;
			buildSettings = {
				ALWAYS_SEARCH_USER_PATHS = NO;
				CLANG_CXX_LANGUAGE_STANDARD = "gnu++0x";
				CLANG_CXX_LIBRARY = "libc++";
				CLANG_ENABLE_MODULES = YES;
				CLANG_ENABLE_OBJC_ARC = YES;
				CLANG_WARN_BOOL_CONVERSION = YES;
				CLANG_WARN_CONSTANT_CONVERSION = YES;
				CLANG_WARN_DIRECT_OBJC_ISA_USAGE = YES_ERROR;
				CLANG_WARN_EMPTY_BODY = YES;
				CLANG_WARN_ENUM_CONVERSION = YES;
				CLANG_WARN_INT_CONVERSION = YES;
				CLANG_WARN_OBJC_ROOT_CLASS = YES_ERROR;
				CLANG_WARN_UNREACHABLE_CODE = YES;
				CLANG_WARN__DUPLICATE_METHOD_MATCH = YES;
				CODE_SIGN_IDENTITY = "iPhone Developer";
				"CODE_SIGN_IDENTITY[sdk=iphoneos*]" = "iPhone Developer";
				COPY_PHASE_STRIP = NO;
				DEBUG_INFORMATION_FORMAT = "dwarf-with-dsym";
				ENABLE_NS_ASSERTIONS = NO;
				ENABLE_STRICT_OBJC_MSGSEND = YES;
				GCC_C_LANGUAGE_STANDARD = gnu99;
				GCC_NO_COMMON_BLOCKS = YES;
				GCC_WARN_64_TO_32_BIT_CONVERSION = YES;
				GCC_WARN_ABOUT_RETURN_TYPE = YES_ERROR;
				GCC_WARN_UNDECLARED_SELECTOR = YES;
				GCC_WARN_UNINITIALIZED_AUTOS = YES_AGGRESSIVE;
				GCC_WARN_UNUSED_FUNCTION = YES;
				GCC_WARN_UNUSED_VARIABLE = YES;
				IPHONEOS_DEPLOYMENT_TARGET = 9.1;
				MTL_ENABLE_DEBUG_INFO = NO;
				SDKROOT = iphoneos;
				VALIDATE_PRODUCT = YES;
			};
			name = Release;
		};
		689E1DC41BF4EAE7009D5D02 /* Debug */ = {
			isa = XCBuildConfiguration;
			buildSettings = {
				ASSETCATALOG_COMPILER_APPICON_NAME = AppIcon;
				FRAMEWORK_SEARCH_PATHS = (
					"$(inherited)",
					"$(PROJECT_DIR)/Carthage/Build/iOS",
				);
				INFOPLIST_FILE = NewsApp/Info.plist;
				LD_RUNPATH_SEARCH_PATHS = "$(inherited) @executable_path/Frameworks";
				PRODUCT_BUNDLE_IDENTIFIER = edu.self.NewsApp;
				PRODUCT_NAME = "$(TARGET_NAME)";
			};
			name = Debug;
		};
		689E1DC51BF4EAE7009D5D02 /* Release */ = {
			isa = XCBuildConfiguration;
			buildSettings = {
				ASSETCATALOG_COMPILER_APPICON_NAME = AppIcon;
				FRAMEWORK_SEARCH_PATHS = (
					"$(inherited)",
					"$(PROJECT_DIR)/Carthage/Build/iOS",
				);
				INFOPLIST_FILE = NewsApp/Info.plist;
				LD_RUNPATH_SEARCH_PATHS = "$(inherited) @executable_path/Frameworks";
				PRODUCT_BUNDLE_IDENTIFIER = edu.self.NewsApp;
				PRODUCT_NAME = "$(TARGET_NAME)";
			};
			name = Release;
		};
/* End XCBuildConfiguration section */

/* Begin XCConfigurationList section */
		689E1DAC1BF4EAE7009D5D02 /* Build configuration list for PBXProject "NewsApp" */ = {
			isa = XCConfigurationList;
			buildConfigurations = (
				689E1DC11BF4EAE7009D5D02 /* Debug */,
				689E1DC21BF4EAE7009D5D02 /* Release */,
			);
			defaultConfigurationIsVisible = 0;
			defaultConfigurationName = Release;
		};
		689E1DC31BF4EAE7009D5D02 /* Build configuration list for PBXNativeTarget "NewsApp" */ = {
			isa = XCConfigurationList;
			buildConfigurations = (
				689E1DC41BF4EAE7009D5D02 /* Debug */,
				689E1DC51BF4EAE7009D5D02 /* Release */,
			);
			defaultConfigurationIsVisible = 0;
			defaultConfigurationName = Release;
		};
/* End XCConfigurationList section */
	};
	rootObject = 689E1DA91BF4EAE7009D5D02 /* Project object */;
}
