// !$*UTF8*$!
{
	archiveVersion = 1;
	classes = {
	};
	objectVersion = 46;
	objects = {

/* Begin PBXBuildFile section */
		689E1DB51BF4EAE7009D5D02 /* AppDelegate.swift in Sources */ = {isa = PBXBuildFile; fileRef = 689E1DB41BF4EAE7009D5D02 /* AppDelegate.swift */; };
		689E1DB71BF4EAE7009D5D02 /* ViewController.swift in Sources */ = {isa = PBXBuildFile; fileRef = 689E1DB61BF4EAE7009D5D02 /* ViewController.swift */; };
		689E1DBA1BF4EAE7009D5D02 /* Main.storyboard in Resources */ = {isa = PBXBuildFile; fileRef = 689E1DB81BF4EAE7009D5D02 /* Main.storyboard */; };
		689E1DBC1BF4EAE7009D5D02 /* Assets.xcassets in Resources */ = {isa = PBXBuildFile; fileRef = 689E1DBB1BF4EAE7009D5D02 /* Assets.xcassets */; };
		689E1DBF1BF4EAE7009D5D02 /* LaunchScreen.storyboard in Resources */ = {isa = PBXBuildFile; fileRef = 689E1DBD1BF4EAE7009D5D02 /* LaunchScreen.storyboard */; };
		689E1DC71BF4EB35009D5D02 /* CAPSPageMenu.swift in Sources */ = {isa = PBXBuildFile; fileRef = 689E1DC61BF4EB35009D5D02 /* CAPSPageMenu.swift */; };
		689E1DCE1BF4EBC1009D5D02 /* TableViewController.swift in Sources */ = {isa = PBXBuildFile; fileRef = 689E1DCC1BF4EBC1009D5D02 /* TableViewController.swift */; };
		689E1DCF1BF4EBC1009D5D02 /* TableViewController.xib in Resources */ = {isa = PBXBuildFile; fileRef = 689E1DCD1BF4EBC1009D5D02 /* TableViewController.xib */; };
/* End PBXBuildFile section */

/* Begin PBXFileReference section */
		689E1DB11BF4EAE7009D5D02 /* NewsApp.app */ = {isa = PBXFileReference; explicitFileType = wrapper.application; includeInIndex = 0; path = NewsApp.app; sourceTree = BUILT_PRODUCTS_DIR; };
		689E1DB41BF4EAE7009D5D02 /* AppDelegate.swift */ = {isa = PBXFileReference; lastKnownFileType = sourcecode.swift; path = AppDelegate.swift; sourceTree = "<group>"; };
		689E1DB61BF4EAE7009D5D02 /* ViewController.swift */ = {isa = PBXFileReference; lastKnownFileType = sourcecode.swift; path = ViewController.swift; sourceTree = "<group>"; };
		689E1DB91BF4EAE7009D5D02 /* Base */ = {isa = PBXFileReference; lastKnownFileType = file.storyboard; name = Base; path = Base.lproj/Main.storyboard; sourceTree = "<group>"; };
		689E1DBB1BF4EAE7009D5D02 /* Assets.xcassets */ = {isa = PBXFileReference; lastKnownFileType = folder.assetcatalog; path = Assets.xcassets; sourceTree = "<group>"; };
		689E1DBE1BF4EAE7009D5D02 /* Base */ = {isa = PBXFileReference; lastKnownFileType = file.storyboard; name = Base; path = Base.lproj/LaunchScreen.storyboard; sourceTree = "<group>"; };
		689E1DC01BF4EAE7009D5D02 /* Info.plist */ = {isa = PBXFileReference; lastKnownFileType = text.plist.xml; path = Info.plist; sourceTree = "<group>"; };
		689E1DC61BF4EB35009D5D02 /* CAPSPageMenu.swift */ = {isa = PBXFileReference; fileEncoding = 4; lastKnownFileType = sourcecode.swift; path = CAPSPageMenu.swift; sourceTree = "<group>"; };
		689E1DCC1BF4EBC1009D5D02 /* TableViewController.swift */ = {isa = PBXFileReference; fileEncoding = 4; lastKnownFileType = sourcecode.swift; path = TableViewController.swift; sourceTree = "<group>"; };
		689E1DCD1BF4EBC1009D5D02 /* TableViewController.xib */ = {isa = PBXFileReference; fileEncoding = 4; lastKnownFileType = file.xib; path = TableViewController.xib; sourceTree = "<group>"; };
/* End PBXFileReference section */

/* Begin PBXFrameworksBuildPhase section */
		689E1DAE1BF4EAE7009D5D02 /* Frameworks */ = {
			isa = PBXFrameworksBuildPhase;
			buildActionMask = 2147483647;
			files = (
			);
			runOnlyForDeploymentPostprocessing = 0;
		};
/* End PBXFrameworksBuildPhase section */

/* Begin PBXGroup section */
		689E1DA81BF4EAE7009D5D02 = {
			isa = PBXGroup;
			children = (
				689E1DB31BF4EAE7009D5D02 /* NewsApp */,
				689E1DB21BF4EAE7009D5D02 /* Products */,
			);
			sourceTree = "<group>";
		};
		689E1DB21BF4EAE7009D5D02 /* Products */ = {
			isa = PBXGroup;
			children = (
				689E1DB11BF4EAE7009D5D02 /* NewsApp.app */,
			);
			name = Products;
			sourceTree = "<group>";
		};
		689E1DB31BF4EAE7009D5D02 /* NewsApp */ = {
			isa = PBXGroup;
			children = (
				689E1DCC1BF4EBC1009D5D02 /* TableViewController.swift */,
				689E1DCD1BF4EBC1009D5D02 /* TableViewController.xib */,
				689E1DB41BF4EAE7009D5D02 /* AppDelegate.swift */,
				689E1DB61BF4EAE7009D5D02 /* ViewController.swift */,
				689E1DC61BF4EB35009D5D02 /* CAPSPageMenu.swift */,
				689E1DB81BF4EAE7009D5D02 /* Main.storyboard */,
				689E1DBB1BF4EAE7009D5D02 /* Assets.xcassets */,
				689E1DBD1BF4EAE7009D5D02 /* LaunchScreen.storyboard */,
				689E1DC01BF4EAE7009D5D02 /* Info.plist */,
			);
			path = NewsApp;
			sourceTree = "<group>";
		};
/* End PBXGroup section */

/* Begin PBXNativeTarget section */
		689E1DB01BF4EAE7009D5D02 /* NewsApp */ = {
			isa = PBXNativeTarget;
			buildConfigurationList = 689E1DC31BF4EAE7009D5D02 /* Build configuration list for PBXNativeTarget "NewsApp" */;
			buildPhases = (
				689E1DAD1BF4EAE7009D5D02 /* Sources */,
				689E1DAE1BF4EAE7009D5D02 /* Frameworks */,
				689E1DAF1BF4EAE7009D5D02 /* Resources */,
			);
			buildRules = (
			);
			dependencies = (
			);
			name = NewsApp;
			productName = NewsApp;
			productReference = 689E1DB11BF4EAE7009D5D02 /* NewsApp.app */;
			productType = "com.apple.product-type.application";
		};
/* End PBXNativeTarget section */

/* Begin PBXProject section */
		689E1DA91BF4EAE7009D5D02 /* Project object */ = {
			isa = PBXProject;
			attributes = {
				LastSwiftUpdateCheck = 0710;
				LastUpgradeCheck = 0710;
				ORGANIZATIONNAME = edu.self;
				TargetAttributes = {
					689E1DB01BF4EAE7009D5D02 = {
						CreatedOnToolsVersion = 7.1;
					};
				};
			};
			buildConfigurationList = 689E1DAC1BF4EAE7009D5D02 /* Build configuration list for PBXProject "NewsApp" */;
			compatibilityVersion = "Xcode 3.2";
			developmentRegion = English;
			hasScannedForEncodings = 0;
			knownRegions = (
				en,
				Base,
			);
			mainGroup = 689E1DA81BF4EAE7009D5D02;
			productRefGroup = 689E1DB21BF4EAE7009D5D02 /* Products */;
			projectDirPath = "";
			projectRoot = "";
			targets = (
				689E1DB01BF4EAE7009D5D02 /* NewsApp */,
			);
		};
/* End PBXProject section */

/* Begin PBXResourcesBuildPhase section */
		689E1DAF1BF4EAE7009D5D02 /* Resources */ = {
			isa = PBXResourcesBuildPhase;
			buildActionMask = 2147483647;
			files = (
				689E1DBF1BF4EAE7009D5D02 /* LaunchScreen.storyboard in Resources */,
				689E1DBC1BF4EAE7009D5D02 /* Assets.xcassets in Resources */,
				689E1DBA1BF4EAE7009D5D02 /* Main.storyboard in Resources */,
				689E1DCF1BF4EBC1009D5D02 /* TableViewController.xib in Resources */,
			);
			runOnlyForDeploymentPostprocessing = 0;
		};
/* End PBXResourcesBuildPhase section */

/* Begin PBXSourcesBuildPhase section */
		689E1DAD1BF4EAE7009D5D02 /* Sources */ = {
			isa = PBXSourcesBuildPhase;
			buildActionMask = 2147483647;
			files = (
				689E1DB71BF4EAE7009D5D02 /* ViewController.swift in Sources */,
				689E1DB51BF4EAE7009D5D02 /* AppDelegate.swift in Sources */,
				689E1DC71BF4EB35009D5D02 /* CAPSPageMenu.swift in Sources */,
				689E1DCE1BF4EBC1009D5D02 /* TableViewController.swift in Sources */,
			);
			runOnlyForDeploymentPostprocessing = 0;
		};
/* End PBXSourcesBuildPhase section */

/* Begin PBXVariantGroup section */
		689E1DB81BF4EAE7009D5D02 /* Main.storyboard */ = {
			isa = PBXVariantGroup;
			children = (
				689E1DB91BF4EAE7009D5D02 /* Base */,
			);
			name = Main.storyboard;
			sourceTree = "<group>";
		};
		689E1DBD1BF4EAE7009D5D02 /* LaunchScreen.storyboard */ = {
			isa = PBXVariantGroup;
			children = (
				689E1DBE1BF4EAE7009D5D02 /* Base */,
			);
			name = LaunchScreen.storyboard;
			sourceTree = "<group>";
		};
/* End PBXVariantGroup section */

/* Begin XCBuildConfiguration section */
		689E1DC11BF4EAE7009D5D02 /* Debug */ = {
			isa = XCBuildConfiguration;
			buildSettings = {
				ALWAYS_SEARCH_USER_PATHS = NO;
				CLANG_CXX_LANGUAGE_STANDARD = "gnu++0x";
				CLANG_CXX_LIBRARY = "libc++";
				CLANG_ENABLE_MODULES = YES;
				CLANG_ENABLE_OBJC_ARC = YES;
				CLANG_WARN_BOOL_CONVERSION = YES;
				CLANG_WARN_CONSTANT_CONVERSION = YES;
				CLANG_WARN_DIRECT_OBJC_ISA_USAGE = YES_ERROR;
				CLANG_WARN_EMPTY_BODY = YES;
				CLANG_WARN_ENUM_CONVERSION = YES;
				CLANG_WARN_INT_CONVERSION = YES;
				CLANG_WARN_OBJC_ROOT_CLASS = YES_ERROR;
				CLANG_WARN_UNREACHABLE_CODE = YES;
				CLANG_WARN__DUPLICATE_METHOD_MATCH = YES;
				"CODE_SIGN_IDENTITY[sdk=iphoneos*]" = "iPhone Developer";
				COPY_PHASE_STRIP = NO;
				DEBUG_INFORMATION_FORMAT = dwarf;
				ENABLE_STRICT_OBJC_MSGSEND = YES;
				ENABLE_TESTABILITY = YES;
				GCC_C_LANGUAGE_STANDARD = gnu99;
				GCC_DYNAMIC_NO_PIC = NO;
				GCC_NO_COMMON_BLOCKS = YES;
				GCC_OPTIMIZATION_LEVEL = 0;
				GCC_PREPROCESSOR_DEFINITIONS = (
					"DEBUG=1",
					"$(inherited)",
				);
				GCC_WARN_64_TO_32_BIT_CONVERSION = YES;
				GCC_WARN_ABOUT_RETURN_TYPE = YES_ERROR;
				GCC_WARN_UNDECLARED_SELECTOR = YES;
				GCC_WARN_UNINITIALIZED_AUTOS = YES_AGGRESSIVE;
				GCC_WARN_UNUSED_FUNCTION = YES;
				GCC_WARN_UNUSED_VARIABLE = YES;
				IPHONEOS_DEPLOYMENT_TARGET = 9.1;
				MTL_ENABLE_DEBUG_INFO = YES;
				ONLY_ACTIVE_ARCH = YES;
				SDKROOT = iphoneos;
				SWIFT_OPTIMIZATION_LEVEL = "-Onone";
			};
			name = Debug;
		};
		689E1DC21BF4EAE7009D5D02 /* Release */ = {
			isa = XCBuildConfiguration;
			buildSettings = {
				ALWAYS_SEARCH_USER_PATHS = NO;
				CLANG_CXX_LANGUAGE_STANDARD = "gnu++0x";
				CLANG_CXX_LIBRARY = "libc++";
				CLANG_ENABLE_MODULES = YES;
				CLANG_ENABLE_OBJC_ARC = YES;
				CLANG_WARN_BOOL_CONVERSION = YES;
				CLANG_WARN_CONSTANT_CONVERSION = YES;
				CLANG_WARN_DIRECT_OBJC_ISA_USAGE = YES_ERROR;
				CLANG_WARN_EMPTY_BODY = YES;
				CLANG_WARN_ENUM_CONVERSION = YES;
				CLANG_WARN_INT_CONVERSION = YES;
				CLANG_WARN_OBJC_ROOT_CLASS = YES_ERROR;
				CLANG_WARN_UNREACHABLE_CODE = YES;
				CLANG_WARN__DUPLICATE_METHOD_MATCH = YES;
				"CODE_SIGN_IDENTITY[sdk=iphoneos*]" = "iPhone Developer";
				COPY_PHASE_STRIP = NO;
				DEBUG_INFORMATION_FORMAT = "dwarf-with-dsym";
				ENABLE_NS_ASSERTIONS = NO;
				ENABLE_STRICT_OBJC_MSGSEND = YES;
				GCC_C_LANGUAGE_STANDARD = gnu99;
				GCC_NO_COMMON_BLOCKS = YES;
				GCC_WARN_64_TO_32_BIT_CONVERSION = YES;
				GCC_WARN_ABOUT_RETURN_TYPE = YES_ERROR;
				GCC_WARN_UNDECLARED_SELECTOR = YES;
				GCC_WARN_UNINITIALIZED_AUTOS = YES_AGGRESSIVE;
				GCC_WARN_UNUSED_FUNCTION = YES;
				GCC_WARN_UNUSED_VARIABLE = YES;
				IPHONEOS_DEPLOYMENT_TARGET = 9.1;
				MTL_ENABLE_DEBUG_INFO = NO;
				SDKROOT = iphoneos;
				VALIDATE_PRODUCT = YES;
			};
			name = Release;
		};
		689E1DC41BF4EAE7009D5D02 /* Debug */ = {
			isa = XCBuildConfiguration;
			buildSettings = {
				ASSETCATALOG_COMPILER_APPICON_NAME = AppIcon;
				INFOPLIST_FILE = NewsApp/Info.plist;
				LD_RUNPATH_SEARCH_PATHS = "$(inherited) @executable_path/Frameworks";
				PRODUCT_BUNDLE_IDENTIFIER = edu.self.NewsApp;
				PRODUCT_NAME = "$(TARGET_NAME)";
			};
			name = Debug;
		};
		689E1DC51BF4EAE7009D5D02 /* Release */ = {
			isa = XCBuildConfiguration;
			buildSettings = {
				ASSETCATALOG_COMPILER_APPICON_NAME = AppIcon;
				INFOPLIST_FILE = NewsApp/Info.plist;
				LD_RUNPATH_SEARCH_PATHS = "$(inherited) @executable_path/Frameworks";
				PRODUCT_BUNDLE_IDENTIFIER = edu.self.NewsApp;
				PRODUCT_NAME = "$(TARGET_NAME)";
			};
			name = Release;
		};
/* End XCBuildConfiguration section */

/* Begin XCConfigurationList section */
		689E1DAC1BF4EAE7009D5D02 /* Build configuration list for PBXProject "NewsApp" */ = {
			isa = XCConfigurationList;
			buildConfigurations = (
				689E1DC11BF4EAE7009D5D02 /* Debug */,
				689E1DC21BF4EAE7009D5D02 /* Release */,
			);
			defaultConfigurationIsVisible = 0;
			defaultConfigurationName = Release;
		};
		689E1DC31BF4EAE7009D5D02 /* Build configuration list for PBXNativeTarget "NewsApp" */ = {
			isa = XCConfigurationList;
			buildConfigurations = (
				689E1DC41BF4EAE7009D5D02 /* Debug */,
				689E1DC51BF4EAE7009D5D02 /* Release */,
			);
			defaultConfigurationIsVisible = 0;
		};
/* End XCConfigurationList section */
	};
	rootObject = 689E1DA91BF4EAE7009D5D02 /* Project object */;
}
